PODS:
  - Masonry (1.1.0)
  - TMUIComponents (2.0.25):
    - Masonry
    - TMUIComponents/TMActionSheet (= 2.0.25)
    - TMUIComponents/TMContentAlert (= 2.0.25)
    - TMUIComponents/TMContentPicker (= 2.0.25)
    - TMUIComponents/TMPopoverView (= 2.0.25)
    - TMUIComponents/TMSearchController (= 2.0.25)
    - TMUIComponents/TMUIAppearance (= 2.0.25)
    - TMUIComponents/TMUIBadge (= 2.0.25)
    - TMUIComponents/TMUICellHeightCache (= 2.0.25)
    - TMUIComponents/TMUICycleView (= 2.0.25)
    - TMUIComponents/TMUIExpandLabel (= 2.0.25)
    - TMUIComponents/TMUIFilterView (= 2.0.25)
    - TMUIComponents/TMUIFloatImagesView (= 2.0.25)
    - TMUIComponents/TMUIFloatLayoutView (= 2.0.25)
    - TMUIComponents/TMUIMenuView (= 2.0.25)
    - TMUIComponents/TMUIModalPresentationViewController (= 2.0.25)
    - TMUIComponents/TMUIMultipleDelegates (= 2.0.25)
    - TMUIComponents/TMUINavigationBar (= 2.0.25)
    - TMUIComponents/TMUIPageViewController (= 2.0.25)
    - TMUIComponents/TMUIPickerView (= 2.0.25)
    - TMUIComponents/TMUIPopupContainerView (= 2.0.25)
    - TMUIComponents/TMUISearchBar (= 2.0.25)
    - TMUIComponents/TMUISegmentView (= 2.0.25)
    - TMUIComponents/TMUITableView (= 2.0.25)
    - TMUIComponents/TMUITimer (= 2.0.25)
    - TMUIComponents/TMUIToast (= 2.0.25)
    - TMUIComponents/TMUIWidgets (= 2.0.25)
    - TMUICore
    - TMUIExtensions
  - TMUIComponents/TMActionSheet (2.0.25):
    - Masonry
    - TMUICore
    - TMUIExtensions
  - TMUIComponents/TMContentAlert (2.0.25):
    - Masonry
    - TMUICore
    - TMUIExtensions
  - TMUIComponents/TMContentPicker (2.0.25):
    - Masonry
    - TMUIComponents/TMContentPicker/TMCityPicker (= 2.0.25)
    - TMUIComponents/TMContentPicker/TMDatePicker (= 2.0.25)
    - TMUIComponents/TMContentPicker/TMMultiDataPicker (= 2.0.25)
    - TMUIComponents/TMContentPicker/TMNormalPicker (= 2.0.25)
    - TMUICore
    - TMUIExtensions
  - TMUIComponents/TMContentPicker/TMCityPicker (2.0.25):
    - Masonry
    - TMUICore
    - TMUIExtensions
  - TMUIComponents/TMContentPicker/TMDatePicker (2.0.25):
    - Masonry
    - TMUICore
    - TMUIExtensions
  - TMUIComponents/TMContentPicker/TMMultiDataPicker (2.0.25):
    - Masonry
    - TMUICore
    - TMUIExtensions
  - TMUIComponents/TMContentPicker/TMNormalPicker (2.0.25):
    - Masonry
    - TMUICore
    - TMUIExtensions
  - TMUIComponents/TMPopoverView (2.0.25):
    - Masonry
    - TMUICore
    - TMUIExtensions
  - TMUIComponents/TMSearchController (2.0.25):
    - Masonry
    - TMUIComponents/TMSearchController/Extensions (= 2.0.25)
    - TMUIComponents/TMSearchController/Private (= 2.0.25)
    - TMUICore
    - TMUIExtensions
  - TMUIComponents/TMSearchController/Extensions (2.0.25):
    - Masonry
    - TMUICore
    - TMUIExtensions
  - TMUIComponents/TMSearchController/Private (2.0.25):
    - Masonry
    - TMUICore
    - TMUIExtensions
  - TMUIComponents/TMUIAppearance (2.0.25):
    - Masonry
    - TMUICore
    - TMUIExtensions
  - TMUIComponents/TMUIBadge (2.0.25):
    - Masonry
    - TMUICore
    - TMUIExtensions
  - TMUIComponents/TMUICellHeightCache (2.0.25):
    - Masonry
    - TMUICore
    - TMUIExtensions
  - TMUIComponents/TMUICycleView (2.0.25):
    - Masonry
    - TMUICore
    - TMUIExtensions
  - TMUIComponents/TMUIExpandLabel (2.0.25):
    - Masonry
    - TMUICore
    - TMUIExtensions
  - TMUIComponents/TMUIFilterView (2.0.25):
    - Masonry
    - TMUICore
    - TMUIExtensions
  - TMUIComponents/TMUIFloatImagesView (2.0.25):
    - Masonry
    - TMUICore
    - TMUIExtensions
  - TMUIComponents/TMUIFloatLayoutView (2.0.25):
    - Masonry
    - TMUICore
    - TMUIExtensions
  - TMUIComponents/TMUIMenuView (2.0.25):
    - Masonry
    - TMUICore
    - TMUIExtensions
  - TMUIComponents/TMUIModalPresentationViewController (2.0.25):
    - Masonry
    - TMUICore
    - TMUIExtensions
  - TMUIComponents/TMUIMultipleDelegates (2.0.25):
    - Masonry
    - TMUICore
    - TMUIExtensions
  - TMUIComponents/TMUINavigationBar (2.0.25):
    - Masonry
    - TMUICore
    - TMUIExtensions
  - TMUIComponents/TMUIPageViewController (2.0.25):
    - Masonry
    - TMUICore
    - TMUIExtensions
  - TMUIComponents/TMUIPickerView (2.0.25):
    - Masonry
    - TMUICore
    - TMUIExtensions
  - TMUIComponents/TMUIPopupContainerView (2.0.25):
    - Masonry
    - TMUICore
    - TMUIExtensions
  - TMUIComponents/TMUISearchBar (2.0.25):
    - Masonry
    - TMUICore
    - TMUIExtensions
  - TMUIComponents/TMUISegmentView (2.0.25):
    - Masonry
    - TMUICore
    - TMUIExtensions
  - TMUIComponents/TMUITableView (2.0.25):
    - Masonry
    - TMUICore
    - TMUIExtensions
  - TMUIComponents/TMUITimer (2.0.25):
    - Masonry
    - TMUICore
    - TMUIExtensions
  - TMUIComponents/TMUIToast (2.0.25):
    - Masonry
    - TMUICore
    - TMUIExtensions
  - TMUIComponents/TMUIWidgets (2.0.25):
    - Masonry
    - TMUIComponents/TMUIWidgets/TMUIButton (= 2.0.25)
    - TMUIComponents/TMUIWidgets/TMUILabel (= 2.0.25)
    - TMUIComponents/TMUIWidgets/TMUISegmentedControl (= 2.0.25)
    - TMUIComponents/TMUIWidgets/TMUISlider (= 2.0.25)
    - TMUIComponents/TMUIWidgets/TMUITextField (= 2.0.25)
    - TMUIComponents/TMUIWidgets/TMUITextView (= 2.0.25)
    - TMUICore
    - TMUIExtensions
  - TMUIComponents/TMUIWidgets/TMUIButton (2.0.25):
    - Masonry
    - TMUICore
    - TMUIExtensions
  - TMUIComponents/TMUIWidgets/TMUILabel (2.0.25):
    - Masonry
    - TMUICore
    - TMUIExtensions
  - TMUIComponents/TMUIWidgets/TMUISegmentedControl (2.0.25):
    - Masonry
    - TMUICore
    - TMUIExtensions
  - TMUIComponents/TMUIWidgets/TMUISlider (2.0.25):
    - Masonry
    - TMUICore
    - TMUIExtensions
  - TMUIComponents/TMUIWidgets/TMUITextField (2.0.25):
    - Masonry
    - TMUICore
    - TMUIExtensions
  - TMUIComponents/TMUIWidgets/TMUITextView (2.0.25):
    - Masonry
    - TMUICore
    - TMUIExtensions
  - TMUICore (2.0.25):
    - TMUICore/TMUICore (= 2.0.25)
  - TMUICore/TMUICore (2.0.25)
  - TMUIExtensions (2.0.25):
    - TMUICore
    - TMUIExtensions/Foundation (= 2.0.25)
    - TMUIExtensions/UIKit (= 2.0.25)
  - TMUIExtensions/Foundation (2.0.25):
    - TMUICore
  - TMUIExtensions/UIKit (2.0.25):
    - TMUICore

DEPENDENCIES:
  - Masonry (= 1.1.0)
  - TMUIComponents (= 2.0.25)

SPEC REPOS:
  "git@github.com:chengzongxin/bin_specs.git":
    - Masonry
    - TMUICore
    - TMUIExtensions
  "git@github.com:chengzongxin/src_specs.git":
    - TMUIComponents

SPEC CHECKSUMS:
  Masonry: c32b555df6d7f026d4cac2b8a6fd20f7f803361a
  TMUIComponents: 762a2d8ee827e5798d6eaa46230dddfefdffea42
  TMUICore: df185f701ff3eb76de946ac1338f7e29a748392e
  TMUIExtensions: 4dbf05dd80a65042a5d973fd7bb1ca12074245fa

PODFILE CHECKSUM: 36f3690ba85a675d85070f42a2ed5f654bf57774

COCOAPODS: 1.12.0
