PODS:
  - AFNetworking (4.0.1):
    - AFNetworking/NSURLSession (= 4.0.1)
    - AFNetworking/Reachability (= 4.0.1)
    - AFNetworking/Security (= 4.0.1)
    - AFNetworking/Serialization (= 4.0.1)
    - AFNetworking/UIKit (= 4.0.1)
  - AFNetworking/NSURLSession (4.0.1):
    - AFNetworking/Reachability
    - AFNetworking/Security
    - AFNetworking/Serialization
  - AFNetworking/Reachability (4.0.1)
  - AFNetworking/Security (4.0.1)
  - AFNetworking/Serialization (4.0.1)
  - AFNetworking/UIKit (4.0.1):
    - AFNetworking/NSURLSession
  - Masonry (1.1.0)
  - TMUIComponents (2.0.25):
    - Masonry
    - TMUIComponents/TMActionSheet (= 2.0.25)
    - TMUIComponents/TMContentAlert (= 2.0.25)
    - TMUIComponents/TMContentPicker (= 2.0.25)
    - TMUIComponents/TMPopoverView (= 2.0.25)
    - TMUIComponents/TMSearchController (= 2.0.25)
    - TMUIComponents/TMUIAppearance (= 2.0.25)
    - TMUIComponents/TMUIBadge (= 2.0.25)
    - TMUIComponents/TMUICellHeightCache (= 2.0.25)
    - TMUIComponents/TMUICycleView (= 2.0.25)
    - TMUIComponents/TMUIExpandLabel (= 2.0.25)
    - TMUIComponents/TMUIFilterView (= 2.0.25)
    - TMUIComponents/TMUIFloatImagesView (= 2.0.25)
    - TMUIComponents/TMUIFloatLayoutView (= 2.0.25)
    - TMUIComponents/TMUIMenuView (= 2.0.25)
    - TMUIComponents/TMUIModalPresentationViewController (= 2.0.25)
    - TMUIComponents/TMUIMultipleDelegates (= 2.0.25)
    - TMUIComponents/TMUINavigationBar (= 2.0.25)
    - TMUIComponents/TMUIPageViewController (= 2.0.25)
    - TMUIComponents/TMUIPickerView (= 2.0.25)
    - TMUIComponents/TMUIPopupContainerView (= 2.0.25)
    - TMUIComponents/TMUISearchBar (= 2.0.25)
    - TMUIComponents/TMUISegmentView (= 2.0.25)
    - TMUIComponents/TMUITableView (= 2.0.25)
    - TMUIComponents/TMUITimer (= 2.0.25)
    - TMUIComponents/TMUIToast (= 2.0.25)
    - TMUIComponents/TMUIWidgets (= 2.0.25)
    - TMUICore
    - TMUIExtensions
  - TMUIComponents/TMActionSheet (2.0.25):
    - Masonry
    - TMUICore
    - TMUIExtensions
  - TMUIComponents/TMContentAlert (2.0.25):
    - Masonry
    - TMUICore
    - TMUIExtensions
  - TMUIComponents/TMContentPicker (2.0.25):
    - Masonry
    - TMUIComponents/TMContentPicker/TMCityPicker (= 2.0.25)
    - TMUIComponents/TMContentPicker/TMDatePicker (= 2.0.25)
    - TMUIComponents/TMContentPicker/TMMultiDataPicker (= 2.0.25)
    - TMUIComponents/TMContentPicker/TMNormalPicker (= 2.0.25)
    - TMUICore
    - TMUIExtensions
  - TMUIComponents/TMContentPicker/TMCityPicker (2.0.25):
    - Masonry
    - TMUICore
    - TMUIExtensions
  - TMUIComponents/TMContentPicker/TMDatePicker (2.0.25):
    - Masonry
    - TMUICore
    - TMUIExtensions
  - TMUIComponents/TMContentPicker/TMMultiDataPicker (2.0.25):
    - Masonry
    - TMUICore
    - TMUIExtensions
  - TMUIComponents/TMContentPicker/TMNormalPicker (2.0.25):
    - Masonry
    - TMUICore
    - TMUIExtensions
  - TMUIComponents/TMPopoverView (2.0.25):
    - Masonry
    - TMUICore
    - TMUIExtensions
  - TMUIComponents/TMSearchController (2.0.25):
    - Masonry
    - TMUIComponents/TMSearchController/Extensions (= 2.0.25)
    - TMUIComponents/TMSearchController/Private (= 2.0.25)
    - TMUICore
    - TMUIExtensions
  - TMUIComponents/TMSearchController/Extensions (2.0.25):
    - Masonry
    - TMUICore
    - TMUIExtensions
  - TMUIComponents/TMSearchController/Private (2.0.25):
    - Masonry
    - TMUICore
    - TMUIExtensions
  - TMUIComponents/TMUIAppearance (2.0.25):
    - Masonry
    - TMUICore
    - TMUIExtensions
  - TMUIComponents/TMUIBadge (2.0.25):
    - Masonry
    - TMUICore
    - TMUIExtensions
  - TMUIComponents/TMUICellHeightCache (2.0.25):
    - Masonry
    - TMUICore
    - TMUIExtensions
  - TMUIComponents/TMUICycleView (2.0.25):
    - Masonry
    - TMUICore
    - TMUIExtensions
  - TMUIComponents/TMUIExpandLabel (2.0.25):
    - Masonry
    - TMUICore
    - TMUIExtensions
  - TMUIComponents/TMUIFilterView (2.0.25):
    - Masonry
    - TMUICore
    - TMUIExtensions
  - TMUIComponents/TMUIFloatImagesView (2.0.25):
    - Masonry
    - TMUICore
    - TMUIExtensions
  - TMUIComponents/TMUIFloatLayoutView (2.0.25):
    - Masonry
    - TMUICore
    - TMUIExtensions
  - TMUIComponents/TMUIMenuView (2.0.25):
    - Masonry
    - TMUICore
    - TMUIExtensions
  - TMUIComponents/TMUIModalPresentationViewController (2.0.25):
    - Masonry
    - TMUICore
    - TMUIExtensions
  - TMUIComponents/TMUIMultipleDelegates (2.0.25):
    - Masonry
    - TMUICore
    - TMUIExtensions
  - TMUIComponents/TMUINavigationBar (2.0.25):
    - Masonry
    - TMUICore
    - TMUIExtensions
  - TMUIComponents/TMUIPageViewController (2.0.25):
    - Masonry
    - TMUICore
    - TMUIExtensions
  - TMUIComponents/TMUIPickerView (2.0.25):
    - Masonry
    - TMUICore
    - TMUIExtensions
  - TMUIComponents/TMUIPopupContainerView (2.0.25):
    - Masonry
    - TMUICore
    - TMUIExtensions
  - TMUIComponents/TMUISearchBar (2.0.25):
    - Masonry
    - TMUICore
    - TMUIExtensions
  - TMUIComponents/TMUISegmentView (2.0.25):
    - Masonry
    - TMUICore
    - TMUIExtensions
  - TMUIComponents/TMUITableView (2.0.25):
    - Masonry
    - TMUICore
    - TMUIExtensions
  - TMUIComponents/TMUITimer (2.0.25):
    - Masonry
    - TMUICore
    - TMUIExtensions
  - TMUIComponents/TMUIToast (2.0.25):
    - Masonry
    - TMUICore
    - TMUIExtensions
  - TMUIComponents/TMUIWidgets (2.0.25):
    - Masonry
    - TMUIComponents/TMUIWidgets/TMUIButton (= 2.0.25)
    - TMUIComponents/TMUIWidgets/TMUILabel (= 2.0.25)
    - TMUIComponents/TMUIWidgets/TMUISegmentedControl (= 2.0.25)
    - TMUIComponents/TMUIWidgets/TMUISlider (= 2.0.25)
    - TMUIComponents/TMUIWidgets/TMUITextField (= 2.0.25)
    - TMUIComponents/TMUIWidgets/TMUITextView (= 2.0.25)
    - TMUICore
    - TMUIExtensions
  - TMUIComponents/TMUIWidgets/TMUIButton (2.0.25):
    - Masonry
    - TMUICore
    - TMUIExtensions
  - TMUIComponents/TMUIWidgets/TMUILabel (2.0.25):
    - Masonry
    - TMUICore
    - TMUIExtensions
  - TMUIComponents/TMUIWidgets/TMUISegmentedControl (2.0.25):
    - Masonry
    - TMUICore
    - TMUIExtensions
  - TMUIComponents/TMUIWidgets/TMUISlider (2.0.25):
    - Masonry
    - TMUICore
    - TMUIExtensions
  - TMUIComponents/TMUIWidgets/TMUITextField (2.0.25):
    - Masonry
    - TMUICore
    - TMUIExtensions
  - TMUIComponents/TMUIWidgets/TMUITextView (2.0.25):
    - Masonry
    - TMUICore
    - TMUIExtensions
  - TMUICore (2.0.25):
    - TMUICore/TMUICore (= 2.0.25)
  - TMUICore/TMUICore (2.0.25)
  - TMUIExtensions (2.0.25):
    - TMUICore
    - TMUIExtensions/Foundation (= 2.0.25)
    - TMUIExtensions/UIKit (= 2.0.25)
  - TMUIExtensions/Foundation (2.0.25):
    - TMUICore
  - TMUIExtensions/UIKit (2.0.25):
    - TMUICore
  - YYImage/Core (1.0.4)
  - YYImage/WebP (1.0.4):
    - YYImage/Core

DEPENDENCIES:
  - AFNetworking (= 4.0.1)
  - Masonry (= 1.1.0)
  - TMUIComponents (= 2.0.25)
  - TMUICore (= 2.0.25)
  - TMUIExtensions (= 2.0.25)
  - YYImage/WebP

SPEC REPOS:
  "git@repo.we.com:iosfeaturelibraries/components_bin_specs.git":
    - AFNetworking
    - Masonry
    - TMUIComponents
    - TMUICore
    - TMUIExtensions
    - YYImage

SPEC CHECKSUMS:
  AFNetworking: 38067e7391144b67f1947ef7ce23ebbbcff39c42
  Masonry: 728a8ec45302ac4e920bbcee8d5d398f2d5d38a4
  TMUIComponents: a6d5dddf36b158848718ab16d1a394a3632af2fc
  TMUICore: 884f80fe85225d54bed29645a1bc8b4fddf625f3
  TMUIExtensions: da509c5b548409f265ae6b2f4f47a783dfffdab8
  YYImage: d98fa1b3079afa4daa9d61309f44d9de2f9732dd

PODFILE CHECKSUM: c526eae8a3b5e2fdafd2a971984dc090261f5a46

COCOAPODS: 1.12.0
